
Microsoft Visual Studio Solution File, Format Version 12.00
# Visual Studio 15
VisualStudioVersion = 15.0.28010.2036
MinimumVisualStudioVersion = 10.0.40219.1
Project("{FAE04EC0-301F-11D3-BF4B-00C04F79EFBC}") = "Exam2", "Exam2\Exam2.csproj", "{42554E4F-D6D4-43CD-B6BE-182F7E5233EE}"
EndProject
Global
	GlobalSection(SolutionConfigurationPlatforms) = preSolution
		Debug|Any CPU = Debug|Any CPU
		Release|Any CPU = Release|Any CPU
	EndGlobalSection
	GlobalSection(ProjectConfigurationPlatforms) = postSolution
		{42554E4F-D6D4-43CD-B6BE-182F7E5233EE}.Debug|Any CPU.ActiveCfg = Debug|Any CPU
		{42554E4F-D6D4-43CD-B6BE-182F7E5233EE}.Debug|Any CPU.Build.0 = Debug|Any CPU
		{42554E4F-D6D4-43CD-B6BE-182F7E5233EE}.Release|Any CPU.ActiveCfg = Release|Any CPU
		{42554E4F-D6D4-43CD-B6BE-182F7E5233EE}.Release|Any CPU.Build.0 = Release|Any CPU
	EndGlobalSection
	GlobalSection(SolutionProperties) = preSolution
		HideSolutionNode = FALSE
	EndGlobalSection
	GlobalSection(ExtensibilityGlobals) = postSolution
		SolutionGuid = {71E83C9A-3D97-4E09-9FC9-B8A3DB1310A7}
	EndGlobalSection
	GlobalSection(TeamFoundationVersionControl) = preSolution
		SccNumberOfProjects = 2
		SccEnterpriseProvider = {4CA58AB2-18FA-4F8D-95D4-32DDF27D184C}
		SccTeamFoundationServer = https://cisteam.otc.edu/tfs/fb0864568
		SccLocalPath0 = .
		SccProjectUniqueName1 = Exam2\\Exam2.csproj
		SccProjectName1 = Exam2
		SccLocalPath1 = Exam2
	EndGlobalSection
EndGlobal
